
Microsoft Visual Studio Solution File, Format Version 12.00
# Visual Studio Version 17
VisualStudioVersion = 17.6.33829.357
MinimumVisualStudioVersion = 10.0.40219.1
Project("{9A19103F-16F7-4668-BE54-9A1E7A4F7556}") = "DiscoverCsvToYnab", "DiscoverCsvToYnab\DiscoverCsvToYnab.csproj", "{142FF16B-DBA6-4DC9-96DA-681F810014C4}"
EndProject
Project("{2150E333-8FDC-42A3-9474-1A3956D46DE8}") = "Documentation", "Documentation", "{4CDA3016-3555-4200-A655-DF112901B1CB}"
	ProjectSection(SolutionItems) = preProject
		README.md = README.md
	EndProjectSection
EndProject
Global
	GlobalSection(SolutionConfigurationPlatforms) = preSolution
		Debug|Any CPU = Debug|Any CPU
		Release|Any CPU = Release|Any CPU
	EndGlobalSection
	GlobalSection(ProjectConfigurationPlatforms) = postSolution
		{142FF16B-DBA6-4DC9-96DA-681F810014C4}.Debug|Any CPU.ActiveCfg = Debug|Any CPU
		{142FF16B-DBA6-4DC9-96DA-681F810014C4}.Debug|Any CPU.Build.0 = Debug|Any CPU
		{142FF16B-DBA6-4DC9-96DA-681F810014C4}.Release|Any CPU.ActiveCfg = Release|Any CPU
		{142FF16B-DBA6-4DC9-96DA-681F810014C4}.Release|Any CPU.Build.0 = Release|Any CPU
	EndGlobalSection
	GlobalSection(SolutionProperties) = preSolution
		HideSolutionNode = FALSE
	EndGlobalSection
	GlobalSection(ExtensibilityGlobals) = postSolution
		SolutionGuid = {8B8318CC-7FAB-4572-A513-F72F5133C723}
	EndGlobalSection
EndGlobal
